{
  "requires": true,
  "lockfileVersion": 1,
  "dependencies": {
    "serverless-disable-functions": {
      "version": "1.0.0",
      "resolved": "https://registry.npmjs.org/serverless-disable-functions/-/serverless-disable-functions-1.0.0.tgz",
      "integrity": "sha512-wUfndxhUlfK8ICqeSWqoAHUtotWlRYGffAeuqwp7iwqkM/utch3XO6i+0H7mkOx3X/Zd1G4A9ivzvZg0Vo9JYw==",
      "dev": true
    }
  }
}
